// !$*UTF8*$!
{
	archiveVersion = 1;
	classes = {
	};
	objectVersion = 50;
	objects = {

/* Begin PBXBuildFile section */
		A14D18E82479535A0048B445 /* ShowDetailTableViewCell.swift in Sources */ = {isa = PBXBuildFile; fileRef = A14D18E72479535A0048B445 /* ShowDetailTableViewCell.swift */; };
		A1A94F4D24731A6600CEF26F /* BreedCollectionViewCell.swift in Sources */ = {isa = PBXBuildFile; fileRef = A1A94F4C24731A6600CEF26F /* BreedCollectionViewCell.swift */; };
		A1A94F4F24732A5300CEF26F /* ShowDetailViewController.swift in Sources */ = {isa = PBXBuildFile; fileRef = A1A94F4E24732A5300CEF26F /* ShowDetailViewController.swift */; };
		A1A94F5124732F6F00CEF26F /* BreedModel.swift in Sources */ = {isa = PBXBuildFile; fileRef = A1A94F5024732F6F00CEF26F /* BreedModel.swift */; };
		A1D3AF1A24731A0500CE7F63 /* AppDelegate.swift in Sources */ = {isa = PBXBuildFile; fileRef = A1D3AF1924731A0500CE7F63 /* AppDelegate.swift */; };
		A1D3AF1C24731A0500CE7F63 /* SceneDelegate.swift in Sources */ = {isa = PBXBuildFile; fileRef = A1D3AF1B24731A0500CE7F63 /* SceneDelegate.swift */; };
		A1D3AF1E24731A0500CE7F63 /* BreedsViewController.swift in Sources */ = {isa = PBXBuildFile; fileRef = A1D3AF1D24731A0500CE7F63 /* BreedsViewController.swift */; };
		A1D3AF2124731A0500CE7F63 /* Main.storyboard in Resources */ = {isa = PBXBuildFile; fileRef = A1D3AF1F24731A0500CE7F63 /* Main.storyboard */; };
		A1D3AF2324731A0500CE7F63 /* Assets.xcassets in Resources */ = {isa = PBXBuildFile; fileRef = A1D3AF2224731A0500CE7F63 /* Assets.xcassets */; };
		A1D3AF2624731A0500CE7F63 /* LaunchScreen.storyboard in Resources */ = {isa = PBXBuildFile; fileRef = A1D3AF2424731A0500CE7F63 /* LaunchScreen.storyboard */; };
/* End PBXBuildFile section */

/* Begin PBXFileReference section */
		A14D18E72479535A0048B445 /* ShowDetailTableViewCell.swift */ = {isa = PBXFileReference; lastKnownFileType = sourcecode.swift; path = ShowDetailTableViewCell.swift; sourceTree = "<group>"; };
		A1A94F4C24731A6600CEF26F /* BreedCollectionViewCell.swift */ = {isa = PBXFileReference; fileEncoding = 4; lastKnownFileType = sourcecode.swift; path = BreedCollectionViewCell.swift; sourceTree = "<group>"; };
		A1A94F4E24732A5300CEF26F /* ShowDetailViewController.swift */ = {isa = PBXFileReference; lastKnownFileType = sourcecode.swift; path = ShowDetailViewController.swift; sourceTree = "<group>"; };
		A1A94F5024732F6F00CEF26F /* BreedModel.swift */ = {isa = PBXFileReference; lastKnownFileType = sourcecode.swift; path = BreedModel.swift; sourceTree = "<group>"; };
		A1D3AF1624731A0500CE7F63 /* BreedInfo.app */ = {isa = PBXFileReference; explicitFileType = wrapper.application; includeInIndex = 0; path = BreedInfo.app; sourceTree = BUILT_PRODUCTS_DIR; };
		A1D3AF1924731A0500CE7F63 /* AppDelegate.swift */ = {isa = PBXFileReference; lastKnownFileType = sourcecode.swift; path = AppDelegate.swift; sourceTree = "<group>"; };
		A1D3AF1B24731A0500CE7F63 /* SceneDelegate.swift */ = {isa = PBXFileReference; lastKnownFileType = sourcecode.swift; path = SceneDelegate.swift; sourceTree = "<group>"; };
		A1D3AF1D24731A0500CE7F63 /* BreedsViewController.swift */ = {isa = PBXFileReference; lastKnownFileType = sourcecode.swift; path = BreedsViewController.swift; sourceTree = "<group>"; };
		A1D3AF2024731A0500CE7F63 /* Base */ = {isa = PBXFileReference; lastKnownFileType = file.storyboard; name = Base; path = Base.lproj/Main.storyboard; sourceTree = "<group>"; };
		A1D3AF2224731A0500CE7F63 /* Assets.xcassets */ = {isa = PBXFileReference; lastKnownFileType = folder.assetcatalog; path = Assets.xcassets; sourceTree = "<group>"; };
		A1D3AF2524731A0500CE7F63 /* Base */ = {isa = PBXFileReference; lastKnownFileType = file.storyboard; name = Base; path = Base.lproj/LaunchScreen.storyboard; sourceTree = "<group>"; };
		A1D3AF2724731A0500CE7F63 /* Info.plist */ = {isa = PBXFileReference; lastKnownFileType = text.plist.xml; path = Info.plist; sourceTree = "<group>"; };
/* End PBXFileReference section */

/* Begin PBXFrameworksBuildPhase section */
		A1D3AF1324731A0500CE7F63 /* Frameworks */ = {
			isa = PBXFrameworksBuildPhase;
			buildActionMask = 2147483647;
			files = (
			);
			runOnlyForDeploymentPostprocessing = 0;
		};
/* End PBXFrameworksBuildPhase section */

/* Begin PBXGroup section */
		A1A94F542473BD3A00CEF26F /* Controllers */ = {
			isa = PBXGroup;
			children = (
				A1A94F4E24732A5300CEF26F /* ShowDetailViewController.swift */,
				A14D18E72479535A0048B445 /* ShowDetailTableViewCell.swift */,
				A1D3AF1D24731A0500CE7F63 /* BreedsViewController.swift */,
				A1A94F4C24731A6600CEF26F /* BreedCollectionViewCell.swift */,
			);
			path = Controllers;
			sourceTree = "<group>";
		};
		A1A94F552473BD5900CEF26F /* Models */ = {
			isa = PBXGroup;
			children = (
				A1A94F5024732F6F00CEF26F /* BreedModel.swift */,
			);
			path = Models;
			sourceTree = "<group>";
		};
		A1A94F562473BD8700CEF26F /* Views */ = {
			isa = PBXGroup;
			children = (
				A1D3AF1F24731A0500CE7F63 /* Main.storyboard */,
				A1D3AF2424731A0500CE7F63 /* LaunchScreen.storyboard */,
			);
			path = Views;
			sourceTree = "<group>";
		};
		A1A94F572473BD9300CEF26F /* Support files */ = {
			isa = PBXGroup;
			children = (
				A1D3AF2224731A0500CE7F63 /* Assets.xcassets */,
				A1D3AF1B24731A0500CE7F63 /* SceneDelegate.swift */,
				A1D3AF1924731A0500CE7F63 /* AppDelegate.swift */,
			);
			path = "Support files";
			sourceTree = "<group>";
		};
		A1D3AF0D24731A0500CE7F63 = {
			isa = PBXGroup;
			children = (
				A1D3AF1824731A0500CE7F63 /* BreedInfo */,
				A1D3AF1724731A0500CE7F63 /* Products */,
			);
			sourceTree = "<group>";
		};
		A1D3AF1724731A0500CE7F63 /* Products */ = {
			isa = PBXGroup;
			children = (
				A1D3AF1624731A0500CE7F63 /* BreedInfo.app */,
			);
			name = Products;
			sourceTree = "<group>";
		};
		A1D3AF1824731A0500CE7F63 /* BreedInfo */ = {
			isa = PBXGroup;
			children = (
				A1A94F552473BD5900CEF26F /* Models */,
				A1A94F562473BD8700CEF26F /* Views */,
				A1A94F542473BD3A00CEF26F /* Controllers */,
				A1D3AF2724731A0500CE7F63 /* Info.plist */,
				A1A94F572473BD9300CEF26F /* Support files */,
			);
			path = BreedInfo;
			sourceTree = "<group>";
		};
/* End PBXGroup section */

/* Begin PBXNativeTarget section */
		A1D3AF1524731A0500CE7F63 /* BreedInfo */ = {
			isa = PBXNativeTarget;
			buildConfigurationList = A1D3AF2A24731A0500CE7F63 /* Build configuration list for PBXNativeTarget "BreedInfo" */;
			buildPhases = (
				A1D3AF1224731A0500CE7F63 /* Sources */,
				A1D3AF1324731A0500CE7F63 /* Frameworks */,
				A1D3AF1424731A0500CE7F63 /* Resources */,
			);
			buildRules = (
			);
			dependencies = (
			);
			name = BreedInfo;
			productName = BreedInfo;
			productReference = A1D3AF1624731A0500CE7F63 /* BreedInfo.app */;
			productType = "com.apple.product-type.application";
		};
/* End PBXNativeTarget section */

/* Begin PBXProject section */
		A1D3AF0E24731A0500CE7F63 /* Project object */ = {
			isa = PBXProject;
			attributes = {
				LastSwiftUpdateCheck = 1140;
				LastUpgradeCheck = 1140;
				ORGANIZATIONNAME = "Yulia Malaya";
				TargetAttributes = {
					A1D3AF1524731A0500CE7F63 = {
						CreatedOnToolsVersion = 11.4.1;
					};
				};
			};
			buildConfigurationList = A1D3AF1124731A0500CE7F63 /* Build configuration list for PBXProject "BreedInfo" */;
			compatibilityVersion = "Xcode 9.3";
			developmentRegion = en;
			hasScannedForEncodings = 0;
			knownRegions = (
				en,
				Base,
			);
			mainGroup = A1D3AF0D24731A0500CE7F63;
			productRefGroup = A1D3AF1724731A0500CE7F63 /* Products */;
			projectDirPath = "";
			projectRoot = "";
			targets = (
				A1D3AF1524731A0500CE7F63 /* BreedInfo */,
			);
		};
/* End PBXProject section */

/* Begin PBXResourcesBuildPhase section */
		A1D3AF1424731A0500CE7F63 /* Resources */ = {
			isa = PBXResourcesBuildPhase;
			buildActionMask = 2147483647;
			files = (
				A1D3AF2624731A0500CE7F63 /* LaunchScreen.storyboard in Resources */,
				A1D3AF2324731A0500CE7F63 /* Assets.xcassets in Resources */,
				A1D3AF2124731A0500CE7F63 /* Main.storyboard in Resources */,
			);
			runOnlyForDeploymentPostprocessing = 0;
		};
/* End PBXResourcesBuildPhase section */

/* Begin PBXSourcesBuildPhase section */
		A1D3AF1224731A0500CE7F63 /* Sources */ = {
			isa = PBXSourcesBuildPhase;
			buildActionMask = 2147483647;
			files = (
				A1A94F4F24732A5300CEF26F /* ShowDetailViewController.swift in Sources */,
				A1D3AF1E24731A0500CE7F63 /* BreedsViewController.swift in Sources */,
				A1D3AF1A24731A0500CE7F63 /* AppDelegate.swift in Sources */,
				A1A94F4D24731A6600CEF26F /* BreedCollectionViewCell.swift in Sources */,
				A1D3AF1C24731A0500CE7F63 /* SceneDelegate.swift in Sources */,
				A1A94F5124732F6F00CEF26F /* BreedModel.swift in Sources */,
				A14D18E82479535A0048B445 /* ShowDetailTableViewCell.swift in Sources */,
			);
			runOnlyForDeploymentPostprocessing = 0;
		};
/* End PBXSourcesBuildPhase section */

/* Begin PBXVariantGroup section */
		A1D3AF1F24731A0500CE7F63 /* Main.storyboard */ = {
			isa = PBXVariantGroup;
			children = (
				A1D3AF2024731A0500CE7F63 /* Base */,
			);
			name = Main.storyboard;
			sourceTree = "<group>";
		};
		A1D3AF2424731A0500CE7F63 /* LaunchScreen.storyboard */ = {
			isa = PBXVariantGroup;
			children = (
				A1D3AF2524731A0500CE7F63 /* Base */,
			);
			name = LaunchScreen.storyboard;
			sourceTree = "<group>";
		};
/* End PBXVariantGroup section */

/* Begin XCBuildConfiguration section */
		A1D3AF2824731A0500CE7F63 /* Debug */ = {
			isa = XCBuildConfiguration;
			buildSettings = {
				ALWAYS_SEARCH_USER_PATHS = NO;
				CLANG_ANALYZER_NONNULL = YES;
				CLANG_ANALYZER_NUMBER_OBJECT_CONVERSION = YES_AGGRESSIVE;
				CLANG_CXX_LANGUAGE_STANDARD = "gnu++14";
				CLANG_CXX_LIBRARY = "libc++";
				CLANG_ENABLE_MODULES = YES;
				CLANG_ENABLE_OBJC_ARC = YES;
				CLANG_ENABLE_OBJC_WEAK = YES;
				CLANG_WARN_BLOCK_CAPTURE_AUTORELEASING = YES;
				CLANG_WARN_BOOL_CONVERSION = YES;
				CLANG_WARN_COMMA = YES;
				CLANG_WARN_CONSTANT_CONVERSION = YES;
				CLANG_WARN_DEPRECATED_OBJC_IMPLEMENTATIONS = YES;
				CLANG_WARN_DIRECT_OBJC_ISA_USAGE = YES_ERROR;
				CLANG_WARN_DOCUMENTATION_COMMENTS = YES;
				CLANG_WARN_EMPTY_BODY = YES;
				CLANG_WARN_ENUM_CONVERSION = YES;
				CLANG_WARN_INFINITE_RECURSION = YES;
				CLANG_WARN_INT_CONVERSION = YES;
				CLANG_WARN_NON_LITERAL_NULL_CONVERSION = YES;
				CLANG_WARN_OBJC_IMPLICIT_RETAIN_SELF = YES;
				CLANG_WARN_OBJC_LITERAL_CONVERSION = YES;
				CLANG_WARN_OBJC_ROOT_CLASS = YES_ERROR;
				CLANG_WARN_RANGE_LOOP_ANALYSIS = YES;
				CLANG_WARN_STRICT_PROTOTYPES = YES;
				CLANG_WARN_SUSPICIOUS_MOVE = YES;
				CLANG_WARN_UNGUARDED_AVAILABILITY = YES_AGGRESSIVE;
				CLANG_WARN_UNREACHABLE_CODE = YES;
				CLANG_WARN__DUPLICATE_METHOD_MATCH = YES;
				COPY_PHASE_STRIP = NO;
				DEBUG_INFORMATION_FORMAT = dwarf;
				ENABLE_STRICT_OBJC_MSGSEND = YES;
				ENABLE_TESTABILITY = YES;
				GCC_C_LANGUAGE_STANDARD = gnu11;
				GCC_DYNAMIC_NO_PIC = NO;
				GCC_NO_COMMON_BLOCKS = YES;
				GCC_OPTIMIZATION_LEVEL = 0;
				GCC_PREPROCESSOR_DEFINITIONS = (
					"DEBUG=1",
					"$(inherited)",
				);
				GCC_WARN_64_TO_32_BIT_CONVERSION = YES;
				GCC_WARN_ABOUT_RETURN_TYPE = YES_ERROR;
				GCC_WARN_UNDECLARED_SELECTOR = YES;
				GCC_WARN_UNINITIALIZED_AUTOS = YES_AGGRESSIVE;
				GCC_WARN_UNUSED_FUNCTION = YES;
				GCC_WARN_UNUSED_VARIABLE = YES;
				IPHONEOS_DEPLOYMENT_TARGET = 13.4;
				MTL_ENABLE_DEBUG_INFO = INCLUDE_SOURCE;
				MTL_FAST_MATH = YES;
				ONLY_ACTIVE_ARCH = YES;
				SDKROOT = iphoneos;
				SWIFT_ACTIVE_COMPILATION_CONDITIONS = DEBUG;
				SWIFT_OPTIMIZATION_LEVEL = "-Onone";
			};
			name = Debug;
		};
		A1D3AF2924731A0500CE7F63 /* Release */ = {
			isa = XCBuildConfiguration;
			buildSettings = {
				ALWAYS_SEARCH_USER_PATHS = NO;
				CLANG_ANALYZER_NONNULL = YES;
				CLANG_ANALYZER_NUMBER_OBJECT_CONVERSION = YES_AGGRESSIVE;
				CLANG_CXX_LANGUAGE_STANDARD = "gnu++14";
				CLANG_CXX_LIBRARY = "libc++";
				CLANG_ENABLE_MODULES = YES;
				CLANG_ENABLE_OBJC_ARC = YES;
				CLANG_ENABLE_OBJC_WEAK = YES;
				CLANG_WARN_BLOCK_CAPTURE_AUTORELEASING = YES;
				CLANG_WARN_BOOL_CONVERSION = YES;
				CLANG_WARN_COMMA = YES;
				CLANG_WARN_CONSTANT_CONVERSION = YES;
				CLANG_WARN_DEPRECATED_OBJC_IMPLEMENTATIONS = YES;
				CLANG_WARN_DIRECT_OBJC_ISA_USAGE = YES_ERROR;
				CLANG_WARN_DOCUMENTATION_COMMENTS = YES;
				CLANG_WARN_EMPTY_BODY = YES;
				CLANG_WARN_ENUM_CONVERSION = YES;
				CLANG_WARN_INFINITE_RECURSION = YES;
				CLANG_WARN_INT_CONVERSION = YES;
				CLANG_WARN_NON_LITERAL_NULL_CONVERSION = YES;
				CLANG_WARN_OBJC_IMPLICIT_RETAIN_SELF = YES;
				CLANG_WARN_OBJC_LITERAL_CONVERSION = YES;
				CLANG_WARN_OBJC_ROOT_CLASS = YES_ERROR;
				CLANG_WARN_RANGE_LOOP_ANALYSIS = YES;
				CLANG_WARN_STRICT_PROTOTYPES = YES;
				CLANG_WARN_SUSPICIOUS_MOVE = YES;
				CLANG_WARN_UNGUARDED_AVAILABILITY = YES_AGGRESSIVE;
				CLANG_WARN_UNREACHABLE_CODE = YES;
				CLANG_WARN__DUPLICATE_METHOD_MATCH = YES;
				COPY_PHASE_STRIP = NO;
				DEBUG_INFORMATION_FORMAT = "dwarf-with-dsym";
				ENABLE_NS_ASSERTIONS = NO;
				ENABLE_STRICT_OBJC_MSGSEND = YES;
				GCC_C_LANGUAGE_STANDARD = gnu11;
				GCC_NO_COMMON_BLOCKS = YES;
				GCC_WARN_64_TO_32_BIT_CONVERSION = YES;
				GCC_WARN_ABOUT_RETURN_TYPE = YES_ERROR;
				GCC_WARN_UNDECLARED_SELECTOR = YES;
				GCC_WARN_UNINITIALIZED_AUTOS = YES_AGGRESSIVE;
				GCC_WARN_UNUSED_FUNCTION = YES;
				GCC_WARN_UNUSED_VARIABLE = YES;
				IPHONEOS_DEPLOYMENT_TARGET = 13.4;
				MTL_ENABLE_DEBUG_INFO = NO;
				MTL_FAST_MATH = YES;
				SDKROOT = iphoneos;
				SWIFT_COMPILATION_MODE = wholemodule;
				SWIFT_OPTIMIZATION_LEVEL = "-O";
				VALIDATE_PRODUCT = YES;
			};
			name = Release;
		};
		A1D3AF2B24731A0500CE7F63 /* Debug */ = {
			isa = XCBuildConfiguration;
			buildSettings = {
				ASSETCATALOG_COMPILER_APPICON_NAME = AppIcon;
				CODE_SIGN_STYLE = Automatic;
				INFOPLIST_FILE = BreedInfo/Info.plist;
				LD_RUNPATH_SEARCH_PATHS = (
					"$(inherited)",
					"@executable_path/Frameworks",
				);
				PRODUCT_BUNDLE_IDENTIFIER = ua.com.BreedInfo;
				PRODUCT_NAME = "$(TARGET_NAME)";
				SWIFT_VERSION = 5.0;
				TARGETED_DEVICE_FAMILY = 1;
			};
			name = Debug;
		};
		A1D3AF2C24731A0500CE7F63 /* Release */ = {
			isa = XCBuildConfiguration;
			buildSettings = {
				ASSETCATALOG_COMPILER_APPICON_NAME = AppIcon;
				CODE_SIGN_STYLE = Automatic;
				INFOPLIST_FILE = BreedInfo/Info.plist;
				LD_RUNPATH_SEARCH_PATHS = (
					"$(inherited)",
					"@executable_path/Frameworks",
				);
				PRODUCT_BUNDLE_IDENTIFIER = ua.com.BreedInfo;
				PRODUCT_NAME = "$(TARGET_NAME)";
				SWIFT_VERSION = 5.0;
				TARGETED_DEVICE_FAMILY = 1;
			};
			name = Release;
		};
/* End XCBuildConfiguration section */

/* Begin XCConfigurationList section */
		A1D3AF1124731A0500CE7F63 /* Build configuration list for PBXProject "BreedInfo" */ = {
			isa = XCConfigurationList;
			buildConfigurations = (
				A1D3AF2824731A0500CE7F63 /* Debug */,
				A1D3AF2924731A0500CE7F63 /* Release */,
			);
			defaultConfigurationIsVisible = 0;
			defaultConfigurationName = Release;
		};
		A1D3AF2A24731A0500CE7F63 /* Build configuration list for PBXNativeTarget "BreedInfo" */ = {
			isa = XCConfigurationList;
			buildConfigurations = (
				A1D3AF2B24731A0500CE7F63 /* Debug */,
				A1D3AF2C24731A0500CE7F63 /* Release */,
			);
			defaultConfigurationIsVisible = 0;
			defaultConfigurationName = Release;
		};
/* End XCConfigurationList section */
	};
	rootObject = A1D3AF0E24731A0500CE7F63 /* Project object */;
}
